// !$*UTF8*$!
{
	archiveVersion = 1;
	classes = {
	};
	objectVersion = 46;
	objects = {

/* Begin PBXBuildFile section */
		632A7FCD1ADD3595005491F0 /* main.m in Sources */ = {isa = PBXBuildFile; fileRef = 632A7FCC1ADD3595005491F0 /* main.m */; };
		632A7FD01ADD3595005491F0 /* AppDelegate.m in Sources */ = {isa = PBXBuildFile; fileRef = 632A7FCF1ADD3595005491F0 /* AppDelegate.m */; };
		632A7FD31ADD3595005491F0 /* ViewController.m in Sources */ = {isa = PBXBuildFile; fileRef = 632A7FD21ADD3595005491F0 /* ViewController.m */; };
		632A7FD61ADD3595005491F0 /* Main.storyboard in Resources */ = {isa = PBXBuildFile; fileRef = 632A7FD41ADD3595005491F0 /* Main.storyboard */; };
		632A7FD81ADD3595005491F0 /* Images.xcassets in Resources */ = {isa = PBXBuildFile; fileRef = 632A7FD71ADD3595005491F0 /* Images.xcassets */; };
		632A7FDB1ADD3595005491F0 /* LaunchScreen.xib in Resources */ = {isa = PBXBuildFile; fileRef = 632A7FD91ADD3595005491F0 /* LaunchScreen.xib */; };
		632A7FE71ADD3595005491F0 /* AudioMixTestTests.m in Sources */ = {isa = PBXBuildFile; fileRef = 632A7FE61ADD3595005491F0 /* AudioMixTestTests.m */; };
		632A7FF11ADD3656005491F0 /* AVFoundation.framework in Frameworks */ = {isa = PBXBuildFile; fileRef = 632A7FF01ADD3656005491F0 /* AVFoundation.framework */; };
/* End PBXBuildFile section */

/* Begin PBXContainerItemProxy section */
		632A7FE11ADD3595005491F0 /* PBXContainerItemProxy */ = {
			isa = PBXContainerItemProxy;
			containerPortal = 632A7FBF1ADD3595005491F0 /* Project object */;
			proxyType = 1;
			remoteGlobalIDString = 632A7FC61ADD3595005491F0;
			remoteInfo = AudioMixTest;
		};
/* End PBXContainerItemProxy section */

/* Begin PBXFileReference section */
		632A7FC71ADD3595005491F0 /* AudioMixTest.app */ = {isa = PBXFileReference; explicitFileType = wrapper.application; includeInIndex = 0; path = AudioMixTest.app; sourceTree = BUILT_PRODUCTS_DIR; };
		632A7FCB1ADD3595005491F0 /* Info.plist */ = {isa = PBXFileReference; lastKnownFileType = text.plist.xml; path = Info.plist; sourceTree = "<group>"; };
		632A7FCC1ADD3595005491F0 /* main.m */ = {isa = PBXFileReference; lastKnownFileType = sourcecode.c.objc; path = main.m; sourceTree = "<group>"; };
		632A7FCE1ADD3595005491F0 /* AppDelegate.h */ = {isa = PBXFileReference; lastKnownFileType = sourcecode.c.h; path = AppDelegate.h; sourceTree = "<group>"; };
		632A7FCF1ADD3595005491F0 /* AppDelegate.m */ = {isa = PBXFileReference; lastKnownFileType = sourcecode.c.objc; path = AppDelegate.m; sourceTree = "<group>"; };
		632A7FD11ADD3595005491F0 /* ViewController.h */ = {isa = PBXFileReference; lastKnownFileType = sourcecode.c.h; path = ViewController.h; sourceTree = "<group>"; };
		632A7FD21ADD3595005491F0 /* ViewController.m */ = {isa = PBXFileReference; lastKnownFileType = sourcecode.c.objc; path = ViewController.m; sourceTree = "<group>"; };
		632A7FD51ADD3595005491F0 /* Base */ = {isa = PBXFileReference; lastKnownFileType = file.storyboard; name = Base; path = Base.lproj/Main.storyboard; sourceTree = "<group>"; };
		632A7FD71ADD3595005491F0 /* Images.xcassets */ = {isa = PBXFileReference; lastKnownFileType = folder.assetcatalog; path = Images.xcassets; sourceTree = "<group>"; };
		632A7FDA1ADD3595005491F0 /* Base */ = {isa = PBXFileReference; lastKnownFileType = file.xib; name = Base; path = Base.lproj/LaunchScreen.xib; sourceTree = "<group>"; };
		632A7FE01ADD3595005491F0 /* AudioMixTestTests.xctest */ = {isa = PBXFileReference; explicitFileType = wrapper.cfbundle; includeInIndex = 0; path = AudioMixTestTests.xctest; sourceTree = BUILT_PRODUCTS_DIR; };
		632A7FE51ADD3595005491F0 /* Info.plist */ = {isa = PBXFileReference; lastKnownFileType = text.plist.xml; path = Info.plist; sourceTree = "<group>"; };
		632A7FE61ADD3595005491F0 /* AudioMixTestTests.m */ = {isa = PBXFileReference; lastKnownFileType = sourcecode.c.objc; path = AudioMixTestTests.m; sourceTree = "<group>"; };
		632A7FF01ADD3656005491F0 /* AVFoundation.framework */ = {isa = PBXFileReference; lastKnownFileType = wrapper.framework; name = AVFoundation.framework; path = System/Library/Frameworks/AVFoundation.framework; sourceTree = SDKROOT; };
/* End PBXFileReference section */

/* Begin PBXFrameworksBuildPhase section */
		632A7FC41ADD3595005491F0 /* Frameworks */ = {
			isa = PBXFrameworksBuildPhase;
			buildActionMask = 2147483647;
			files = (
				632A7FF11ADD3656005491F0 /* AVFoundation.framework in Frameworks */,
			);
			runOnlyForDeploymentPostprocessing = 0;
		};
		632A7FDD1ADD3595005491F0 /* Frameworks */ = {
			isa = PBXFrameworksBuildPhase;
			buildActionMask = 2147483647;
			files = (
			);
			runOnlyForDeploymentPostprocessing = 0;
		};
/* End PBXFrameworksBuildPhase section */

/* Begin PBXGroup section */
		632A7FBE1ADD3595005491F0 = {
			isa = PBXGroup;
			children = (
				632A7FF01ADD3656005491F0 /* AVFoundation.framework */,
				632A7FC91ADD3595005491F0 /* AudioMixTest */,
				632A7FE31ADD3595005491F0 /* AudioMixTestTests */,
				632A7FC81ADD3595005491F0 /* Products */,
			);
			sourceTree = "<group>";
		};
		632A7FC81ADD3595005491F0 /* Products */ = {
			isa = PBXGroup;
			children = (
				632A7FC71ADD3595005491F0 /* AudioMixTest.app */,
				632A7FE01ADD3595005491F0 /* AudioMixTestTests.xctest */,
			);
			name = Products;
			sourceTree = "<group>";
		};
		632A7FC91ADD3595005491F0 /* AudioMixTest */ = {
			isa = PBXGroup;
			children = (
				632A7FCE1ADD3595005491F0 /* AppDelegate.h */,
				632A7FCF1ADD3595005491F0 /* AppDelegate.m */,
				632A7FD11ADD3595005491F0 /* ViewController.h */,
				632A7FD21ADD3595005491F0 /* ViewController.m */,
				632A7FD41ADD3595005491F0 /* Main.storyboard */,
				632A7FD71ADD3595005491F0 /* Images.xcassets */,
				632A7FD91ADD3595005491F0 /* LaunchScreen.xib */,
				632A7FCA1ADD3595005491F0 /* Supporting Files */,
			);
			path = AudioMixTest;
			sourceTree = "<group>";
		};
		632A7FCA1ADD3595005491F0 /* Supporting Files */ = {
			isa = PBXGroup;
			children = (
				632A7FCB1ADD3595005491F0 /* Info.plist */,
				632A7FCC1ADD3595005491F0 /* main.m */,
			);
			name = "Supporting Files";
			sourceTree = "<group>";
		};
		632A7FE31ADD3595005491F0 /* AudioMixTestTests */ = {
			isa = PBXGroup;
			children = (
				632A7FE61ADD3595005491F0 /* AudioMixTestTests.m */,
				632A7FE41ADD3595005491F0 /* Supporting Files */,
			);
			path = AudioMixTestTests;
			sourceTree = "<group>";
		};
		632A7FE41ADD3595005491F0 /* Supporting Files */ = {
			isa = PBXGroup;
			children = (
				632A7FE51ADD3595005491F0 /* Info.plist */,
			);
			name = "Supporting Files";
			sourceTree = "<group>";
		};
/* End PBXGroup section */

/* Begin PBXNativeTarget section */
		632A7FC61ADD3595005491F0 /* AudioMixTest */ = {
			isa = PBXNativeTarget;
			buildConfigurationList = 632A7FEA1ADD3595005491F0 /* Build configuration list for PBXNativeTarget "AudioMixTest" */;
			buildPhases = (
				632A7FC31ADD3595005491F0 /* Sources */,
				632A7FC41ADD3595005491F0 /* Frameworks */,
				632A7FC51ADD3595005491F0 /* Resources */,
			);
			buildRules = (
			);
			dependencies = (
			);
			name = AudioMixTest;
			productName = AudioMixTest;
			productReference = 632A7FC71ADD3595005491F0 /* AudioMixTest.app */;
			productType = "com.apple.product-type.application";
		};
		632A7FDF1ADD3595005491F0 /* AudioMixTestTests */ = {
			isa = PBXNativeTarget;
			buildConfigurationList = 632A7FED1ADD3595005491F0 /* Build configuration list for PBXNativeTarget "AudioMixTestTests" */;
			buildPhases = (
				632A7FDC1ADD3595005491F0 /* Sources */,
				632A7FDD1ADD3595005491F0 /* Frameworks */,
				632A7FDE1ADD3595005491F0 /* Resources */,
			);
			buildRules = (
			);
			dependencies = (
				632A7FE21ADD3595005491F0 /* PBXTargetDependency */,
			);
			name = AudioMixTestTests;
			productName = AudioMixTestTests;
			productReference = 632A7FE01ADD3595005491F0 /* AudioMixTestTests.xctest */;
			productType = "com.apple.product-type.bundle.unit-test";
		};
/* End PBXNativeTarget section */

/* Begin PBXProject section */
		632A7FBF1ADD3595005491F0 /* Project object */ = {
			isa = PBXProject;
			attributes = {
				LastUpgradeCheck = 0630;
				ORGANIZATIONNAME = "Sajiv Nair";
				TargetAttributes = {
					632A7FC61ADD3595005491F0 = {
						CreatedOnToolsVersion = 6.3;
					};
					632A7FDF1ADD3595005491F0 = {
						CreatedOnToolsVersion = 6.3;
						TestTargetID = 632A7FC61ADD3595005491F0;
					};
				};
			};
			buildConfigurationList = 632A7FC21ADD3595005491F0 /* Build configuration list for PBXProject "AudioMixTest" */;
			compatibilityVersion = "Xcode 3.2";
			developmentRegion = English;
			hasScannedForEncodings = 0;
			knownRegions = (
				en,
				Base,
			);
			mainGroup = 632A7FBE1ADD3595005491F0;
			productRefGroup = 632A7FC81ADD3595005491F0 /* Products */;
			projectDirPath = "";
			projectRoot = "";
			targets = (
				632A7FC61ADD3595005491F0 /* AudioMixTest */,
				632A7FDF1ADD3595005491F0 /* AudioMixTestTests */,
			);
		};
/* End PBXProject section */

/* Begin PBXResourcesBuildPhase section */
		632A7FC51ADD3595005491F0 /* Resources */ = {
			isa = PBXResourcesBuildPhase;
			buildActionMask = 2147483647;
			files = (
				632A7FD61ADD3595005491F0 /* Main.storyboard in Resources */,
				632A7FDB1ADD3595005491F0 /* LaunchScreen.xib in Resources */,
				632A7FD81ADD3595005491F0 /* Images.xcassets in Resources */,
			);
			runOnlyForDeploymentPostprocessing = 0;
		};
		632A7FDE1ADD3595005491F0 /* Resources */ = {
			isa = PBXResourcesBuildPhase;
			buildActionMask = 2147483647;
			files = (
			);
			runOnlyForDeploymentPostprocessing = 0;
		};
/* End PBXResourcesBuildPhase section */

/* Begin PBXSourcesBuildPhase section */
		632A7FC31ADD3595005491F0 /* Sources */ = {
			isa = PBXSourcesBuildPhase;
			buildActionMask = 2147483647;
			files = (
				632A7FD31ADD3595005491F0 /* ViewController.m in Sources */,
				632A7FD01ADD3595005491F0 /* AppDelegate.m in Sources */,
				632A7FCD1ADD3595005491F0 /* main.m in Sources */,
			);
			runOnlyForDeploymentPostprocessing = 0;
		};
		632A7FDC1ADD3595005491F0 /* Sources */ = {
			isa = PBXSourcesBuildPhase;
			buildActionMask = 2147483647;
			files = (
				632A7FE71ADD3595005491F0 /* AudioMixTestTests.m in Sources */,
			);
			runOnlyForDeploymentPostprocessing = 0;
		};
/* End PBXSourcesBuildPhase section */

/* Begin PBXTargetDependency section */
		632A7FE21ADD3595005491F0 /* PBXTargetDependency */ = {
			isa = PBXTargetDependency;
			target = 632A7FC61ADD3595005491F0 /* AudioMixTest */;
			targetProxy = 632A7FE11ADD3595005491F0 /* PBXContainerItemProxy */;
		};
/* End PBXTargetDependency section */

/* Begin PBXVariantGroup section */
		632A7FD41ADD3595005491F0 /* Main.storyboard */ = {
			isa = PBXVariantGroup;
			children = (
				632A7FD51ADD3595005491F0 /* Base */,
			);
			name = Main.storyboard;
			sourceTree = "<group>";
		};
		632A7FD91ADD3595005491F0 /* LaunchScreen.xib */ = {
			isa = PBXVariantGroup;
			children = (
				632A7FDA1ADD3595005491F0 /* Base */,
			);
			name = LaunchScreen.xib;
			sourceTree = "<group>";
		};
/* End PBXVariantGroup section */

/* Begin XCBuildConfiguration section */
		632A7FE81ADD3595005491F0 /* Debug */ = {
			isa = XCBuildConfiguration;
			buildSettings = {
				ALWAYS_SEARCH_USER_PATHS = NO;
				CLANG_CXX_LANGUAGE_STANDARD = "gnu++0x";
				CLANG_CXX_LIBRARY = "libc++";
				CLANG_ENABLE_MODULES = YES;
				CLANG_ENABLE_OBJC_ARC = YES;
				CLANG_WARN_BOOL_CONVERSION = YES;
				CLANG_WARN_CONSTANT_CONVERSION = YES;
				CLANG_WARN_DIRECT_OBJC_ISA_USAGE = YES_ERROR;
				CLANG_WARN_EMPTY_BODY = YES;
				CLANG_WARN_ENUM_CONVERSION = YES;
				CLANG_WARN_INT_CONVERSION = YES;
				CLANG_WARN_OBJC_ROOT_CLASS = YES_ERROR;
				CLANG_WARN_UNREACHABLE_CODE = YES;
				CLANG_WARN__DUPLICATE_METHOD_MATCH = YES;
				"CODE_SIGN_IDENTITY[sdk=iphoneos*]" = "iPhone Developer";
				COPY_PHASE_STRIP = NO;
				DEBUG_INFORMATION_FORMAT = "dwarf-with-dsym";
				ENABLE_STRICT_OBJC_MSGSEND = YES;
				GCC_C_LANGUAGE_STANDARD = gnu99;
				GCC_DYNAMIC_NO_PIC = NO;
				GCC_NO_COMMON_BLOCKS = YES;
				GCC_OPTIMIZATION_LEVEL = 0;
				GCC_PREPROCESSOR_DEFINITIONS = (
					"DEBUG=1",
					"$(inherited)",
				);
				GCC_SYMBOLS_PRIVATE_EXTERN = NO;
				GCC_WARN_64_TO_32_BIT_CONVERSION = YES;
				GCC_WARN_ABOUT_RETURN_TYPE = YES_ERROR;
				GCC_WARN_UNDECLARED_SELECTOR = YES;
				GCC_WARN_UNINITIALIZED_AUTOS = YES_AGGRESSIVE;
				GCC_WARN_UNUSED_FUNCTION = YES;
				GCC_WARN_UNUSED_VARIABLE = YES;
				IPHONEOS_DEPLOYMENT_TARGET = 8.3;
				MTL_ENABLE_DEBUG_INFO = YES;
				ONLY_ACTIVE_ARCH = YES;
				SDKROOT = iphoneos;
			};
			name = Debug;
		};
		632A7FE91ADD3595005491F0 /* Release */ = {
			isa = XCBuildConfiguration;
			buildSettings = {
				ALWAYS_SEARCH_USER_PATHS = NO;
				CLANG_CXX_LANGUAGE_STANDARD = "gnu++0x";
				CLANG_CXX_LIBRARY = "libc++";
				CLANG_ENABLE_MODULES = YES;
				CLANG_ENABLE_OBJC_ARC = YES;
				CLANG_WARN_BOOL_CONVERSION = YES;
				CLANG_WARN_CONSTANT_CONVERSION = YES;
				CLANG_WARN_DIRECT_OBJC_ISA_USAGE = YES_ERROR;
				CLANG_WARN_EMPTY_BODY = YES;
				CLANG_WARN_ENUM_CONVERSION = YES;
				CLANG_WARN_INT_CONVERSION = YES;
				CLANG_WARN_OBJC_ROOT_CLASS = YES_ERROR;
				CLANG_WARN_UNREACHABLE_CODE = YES;
				CLANG_WARN__DUPLICATE_METHOD_MATCH = YES;
				"CODE_SIGN_IDENTITY[sdk=iphoneos*]" = "iPhone Developer";
				COPY_PHASE_STRIP = NO;
				DEBUG_INFORMATION_FORMAT = "dwarf-with-dsym";
				ENABLE_NS_ASSERTIONS = NO;
				ENABLE_STRICT_OBJC_MSGSEND = YES;
				GCC_C_LANGUAGE_STANDARD = gnu99;
				GCC_NO_COMMON_BLOCKS = YES;
				GCC_WARN_64_TO_32_BIT_CONVERSION = YES;
				GCC_WARN_ABOUT_RETURN_TYPE = YES_ERROR;
				GCC_WARN_UNDECLARED_SELECTOR = YES;
				GCC_WARN_UNINITIALIZED_AUTOS = YES_AGGRESSIVE;
				GCC_WARN_UNUSED_FUNCTION = YES;
				GCC_WARN_UNUSED_VARIABLE = YES;
				IPHONEOS_DEPLOYMENT_TARGET = 8.3;
				MTL_ENABLE_DEBUG_INFO = NO;
				SDKROOT = iphoneos;
				VALIDATE_PRODUCT = YES;
			};
			name = Release;
		};
		632A7FEB1ADD3595005491F0 /* Debug */ = {
			isa = XCBuildConfiguration;
			buildSettings = {
				ASSETCATALOG_COMPILER_APPICON_NAME = AppIcon;
				INFOPLIST_FILE = AudioMixTest/Info.plist;
				LD_RUNPATH_SEARCH_PATHS = "$(inherited) @executable_path/Frameworks";
				PRODUCT_NAME = "$(TARGET_NAME)";
			};
			name = Debug;
		};
		632A7FEC1ADD3595005491F0 /* Release */ = {
			isa = XCBuildConfiguration;
			buildSettings = {
				ASSETCATALOG_COMPILER_APPICON_NAME = AppIcon;
				INFOPLIST_FILE = AudioMixTest/Info.plist;
				LD_RUNPATH_SEARCH_PATHS = "$(inherited) @executable_path/Frameworks";
				PRODUCT_NAME = "$(TARGET_NAME)";
			};
			name = Release;
		};
		632A7FEE1ADD3595005491F0 /* Debug */ = {
			isa = XCBuildConfiguration;
			buildSettings = {
				BUNDLE_LOADER = "$(TEST_HOST)";
				FRAMEWORK_SEARCH_PATHS = (
					"$(SDKROOT)/Developer/Library/Frameworks",
					"$(inherited)",
				);
				GCC_PREPROCESSOR_DEFINITIONS = (
					"DEBUG=1",
					"$(inherited)",
				);
				INFOPLIST_FILE = AudioMixTestTests/Info.plist;
				LD_RUNPATH_SEARCH_PATHS = "$(inherited) @executable_path/Frameworks @loader_path/Frameworks";
				PRODUCT_NAME = "$(TARGET_NAME)";
				TEST_HOST = "$(BUILT_PRODUCTS_DIR)/AudioMixTest.app/AudioMixTest";
			};
			name = Debug;
		};
		632A7FEF1ADD3595005491F0 /* Release */ = {
			isa = XCBuildConfiguration;
			buildSettings = {
				BUNDLE_LOADER = "$(TEST_HOST)";
				FRAMEWORK_SEARCH_PATHS = (
					"$(SDKROOT)/Developer/Library/Frameworks",
					"$(inherited)",
				);
				INFOPLIST_FILE = AudioMixTestTests/Info.plist;
				LD_RUNPATH_SEARCH_PATHS = "$(inherited) @executable_path/Frameworks @loader_path/Frameworks";
				PRODUCT_NAME = "$(TARGET_NAME)";
				TEST_HOST = "$(BUILT_PRODUCTS_DIR)/AudioMixTest.app/AudioMixTest";
			};
			name = Release;
		};
/* End XCBuildConfiguration section */

/* Begin XCConfigurationList section */
		632A7FC21ADD3595005491F0 /* Build configuration list for PBXProject "AudioMixTest" */ = {
			isa = XCConfigurationList;
			buildConfigurations = (
				632A7FE81ADD3595005491F0 /* Debug */,
				632A7FE91ADD3595005491F0 /* Release */,
			);
			defaultConfigurationIsVisible = 0;
			defaultConfigurationName = Release;
		};
		632A7FEA1ADD3595005491F0 /* Build configuration list for PBXNativeTarget "AudioMixTest" */ = {
			isa = XCConfigurationList;
			buildConfigurations = (
				632A7FEB1ADD3595005491F0 /* Debug */,
				632A7FEC1ADD3595005491F0 /* Release */,
			);
			defaultConfigurationIsVisible = 0;
		};
		632A7FED1ADD3595005491F0 /* Build configuration list for PBXNativeTarget "AudioMixTestTests" */ = {
			isa = XCConfigurationList;
			buildConfigurations = (
				632A7FEE1ADD3595005491F0 /* Debug */,
				632A7FEF1ADD3595005491F0 /* Release */,
			);
			defaultConfigurationIsVisible = 0;
		};
/* End XCConfigurationList section */
	};
	rootObject = 632A7FBF1ADD3595005491F0 /* Project object */;
}
